
Microsoft Visual Studio Solution File, Format Version 12.00
# Visual Studio Version 17
VisualStudioVersion = 17.6.33417.168
MinimumVisualStudioVersion = 10.0.40219.1
Project("{9A19103F-16F7-4668-BE54-9A1E7A4F7556}") = "SetProxy", "SetProxy.csproj", "{45478760-621A-4A32-888A-107216364AE1}"
EndProject
Global
	GlobalSection(SolutionConfigurationPlatforms) = preSolution
		Debug|Any CPU = Debug|Any CPU
		Release|Any CPU = Release|Any CPU
	EndGlobalSection
	GlobalSection(ProjectConfigurationPlatforms) = postSolution
		{45478760-621A-4A32-888A-107216364AE1}.Debug|Any CPU.ActiveCfg = Debug|Any CPU
		{45478760-621A-4A32-888A-107216364AE1}.Debug|Any CPU.Build.0 = Debug|Any CPU
		{45478760-621A-4A32-888A-107216364AE1}.Release|Any CPU.ActiveCfg = Release|Any CPU
		{45478760-621A-4A32-888A-107216364AE1}.Release|Any CPU.Build.0 = Release|Any CPU
	EndGlobalSection
	GlobalSection(SolutionProperties) = preSolution
		HideSolutionNode = FALSE
	EndGlobalSection
	GlobalSection(ExtensibilityGlobals) = postSolution
		SolutionGuid = {A0F47247-E6B0-4C4F-A6FE-0F73A1DAAD04}
	EndGlobalSection
EndGlobal
